payload:
  - DOMAIN-SUFFIX,4pda.to
  - DOMAIN-SUFFIX,platform.activestate.com
  - DOMAIN-SUFFIX,activestate.com
  - DOMAIN-SUFFIX,gaming.amazon.com
  - DOMAIN-SUFFIX,amazon.com
  - DOMAIN-SUFFIX,login.amd.com
  - DOMAIN-SUFFIX,amd.com
  - DOMAIN-SUFFIX,itunes.apple.com
  - DOMAIN-SUFFIX,apple.com
  - DOMAIN-SUFFIX,bits.avcdn.net
  - DOMAIN-SUFFIX,avcdn.net
  - DOMAIN-SUFFIX,bing.com
  - DOMAIN-SUFFIX,portal.bgpmon.net
  - DOMAIN-SUFFIX,bgpmon.net
  - DOMAIN-SUFFIX,brawlstarsgame.com
  - DOMAIN-SUFFIX,login.broadcom.com
  - DOMAIN-SUFFIX,broadcom.com
  - DOMAIN-SUFFIX,forums.chaos.com
  - DOMAIN-SUFFIX,try.chaos.com
  - DOMAIN-SUFFIX,chaos.com
  - DOMAIN-SUFFIX,community.cisco.com
  - DOMAIN-SUFFIX,id.cisco.com
  - DOMAIN-SUFFIX,secure-web.cisco.com
  - DOMAIN-SUFFIX,tools.cisco.com
  - DOMAIN-SUFFIX,cisco.com
  - DOMAIN-SUFFIX,database.clamav.net
  - DOMAIN-SUFFIX,clamav.net
  - DOMAIN-SUFFIX,dl.dell.com
  - DOMAIN-SUFFIX,dell.com
  - DOMAIN-SUFFIX,afcs.dellcdn.com
  - DOMAIN-SUFFIX,dellcdn.com
  - DOMAIN-SUFFIX,artifacts.elastic.co
  - DOMAIN-SUFFIX,elastic.co
  - DOMAIN-SUFFIX,sites.fastspring.com
  - DOMAIN-SUFFIX,fastspring.com
  - DOMAIN-SUFFIX,furaffinity.net
  - DOMAIN-SUFFIX,support.ts.fujitsu.com
  - DOMAIN-SUFFIX,fujitsu.com
  - DOMAIN-SUFFIX,gemini.google.com
  - DOMAIN-SUFFIX,googleapis.com
  - DOMAIN-SUFFIX,github.com
  - DOMAIN-SUFFIX,gitlab.com
  - DOMAIN-SUFFIX,gllto.glpals.com
  - DOMAIN-SUFFIX,glpals.com
  - DOMAIN-SUFFIX,mviskarada.gov.ua
  - DOMAIN-SUFFIX,gov.ua
  - DOMAIN-SUFFIX,apt.grafana.com
  - DOMAIN-SUFFIX,dl.grafana.com
  - DOMAIN-SUFFIX,rpm.grafana.com
  - DOMAIN-SUFFIX,grafana.com
  - DOMAIN-SUFFIX,auth.grazie.ai
  - DOMAIN-SUFFIX,grazie.ai
  - DOMAIN-SUFFIX,groupon.com
  - DOMAIN-SUFFIX,grouponcdn.com
  - DOMAIN-SUFFIX,releases.hashicorp.com
  - DOMAIN-SUFFIX,hashicorp.com
  - DOMAIN-SUFFIX,hex-rays.com
  - DOMAIN-SUFFIX,www.imagecache365.com
  - DOMAIN-SUFFIX,imagecache365.com
  - DOMAIN-SUFFIX,community.infineon.com
  - DOMAIN-SUFFIX,infineon.com
  - DOMAIN-SUFFIX,download.jetbrains.com
  - DOMAIN-SUFFIX,jetbrains.com
  - DOMAIN-SUFFIX,joyreactor.cc
  - DOMAIN-SUFFIX,documentation.meraki.com
  - DOMAIN-SUFFIX,meraki.com
  - DOMAIN-SUFFIX,copilot.microsoft.com
  - DOMAIN-SUFFIX,software-static.download.prss.microsoft.com
  - DOMAIN-SUFFIX,microsoft.com
  - DOMAIN-SUFFIX,account.mongodb.com
  - DOMAIN-SUFFIX,cloud.mongodb.com
  - DOMAIN-SUFFIX,mongodb.com
  - DOMAIN-SUFFIX,files.oaiusercontent.com
  - DOMAIN-SUFFIX,oaiusercontent.com
  - DOMAIN-SUFFIX,api.openai.com
  - DOMAIN-SUFFIX,auth0.openai.com
  - DOMAIN-SUFFIX,chat.openai.com
  - DOMAIN-SUFFIX,openai.com
  - DOMAIN-SUFFIX,oracle.com
  - DOMAIN-SUFFIX,oraclecloud.com
  - DOMAIN-SUFFIX,paraswap.io
  - DOMAIN-SUFFIX,parsec.app
  - DOMAIN-SUFFIX,qt.io
  - DOMAIN-SUFFIX,ruckuswireless.com
  - DOMAIN-SUFFIX,sketchup.com
  - DOMAIN-SUFFIX,servarr.com
  - DOMAIN-SUFFIX,sophos.com
  - DOMAIN-SUFFIX,tailscale.com
  - DOMAIN-SUFFIX,templatemonster.com
  - DOMAIN-SUFFIX,terraform.io
  - DOMAIN-SUFFIX,themoviedb.org
  - DOMAIN-SUFFIX,tmdb.org
  - DOMAIN-SUFFIX,ultraedit.com
  - DOMAIN-SUFFIX,vaio.com
  - DOMAIN-SUFFIX,viperatech.com
  - DOMAIN-SUFFIX,webex.com
  - DOMAIN-SUFFIX,xerox.com
  - DOMAIN-SUFFIX,zetalliance.org
  - DOMAIN-SUFFIX,adafruit.com
  - DOMAIN-SUFFIX,agar.io
  - DOMAIN-SUFFIX,airbrake.io
  - DOMAIN-SUFFIX,alberta.ca
  - DOMAIN-SUFFIX,alltrails.com
  - DOMAIN-SUFFIX,analog.com
  - DOMAIN-SUFFIX,angryemailtranslator.com
  - DOMAIN-SUFFIX,annimon.com
  - DOMAIN-SUFFIX,aplawrence.com
  - DOMAIN-SUFFIX,bard.google.com
  - DOMAIN-SUFFIX,bestbuy.com
  - DOMAIN-SUFFIX,blizzardwatch.com
  - DOMAIN-SUFFIX,bluesky-soft.com
  - DOMAIN-SUFFIX,boosteroid.com
  - DOMAIN-SUFFIX,bradyid.com
  - DOMAIN-SUFFIX,cambiumnetworks.com
  - DOMAIN-SUFFIX,canva.com
  - DOMAIN-SUFFIX,certifytheweb.com
  - DOMAIN-SUFFIX,chatgpt.com
  - DOMAIN-SUFFIX,citrix.com
  - DOMAIN-SUFFIX,claude.ai
  - DOMAIN-SUFFIX,clevelandclinic.org
  - DOMAIN-SUFFIX,cmems-du.eu
  - DOMAIN-SUFFIX,copernicus.eu
  - DOMAIN-SUFFIX,cpu-monkey.com
  - DOMAIN-SUFFIX,crowdstrike.com
  - DOMAIN-SUFFIX,crunchbase.com
  - DOMAIN-SUFFIX,crunchyroll.com
  - DOMAIN-SUFFIX,cybersecurity-help.cz
  - DOMAIN-SUFFIX,daz3d.com
  - DOMAIN-SUFFIX,deezer.com
  - DOMAIN-SUFFIX,designify.com
  - DOMAIN-SUFFIX,devart.com
  - DOMAIN-SUFFIX,devops.com
  - DOMAIN-SUFFIX,dickssportinggoods.com
  - DOMAIN-SUFFIX,diffblue.com
  - DOMAIN-SUFFIX,digikey.com
  - DOMAIN-SUFFIX,disctech.com
  - DOMAIN-SUFFIX,dnb.com
  - DOMAIN-SUFFIX,docker.io
  - DOMAIN-SUFFIX,dumpforums.to
  - DOMAIN-SUFFIX,fanatical.com
  - DOMAIN-SUFFIX,findagrave.com
  - DOMAIN-SUFFIX,flexpool.io
  - DOMAIN-SUFFIX,fls.guru
  - DOMAIN-SUFFIX,fluke.com
  - DOMAIN-SUFFIX,formula1.com
  - DOMAIN-SUFFIX,fotoforensics.com
  - DOMAIN-SUFFIX,futurelearn.com
  - DOMAIN-SUFFIX,gambody.com
  - DOMAIN-SUFFIX,ghidra-sre.org
  - DOMAIN-SUFFIX,grammarly.com
  - DOMAIN-SUFFIX,habr.com
  - DOMAIN-SUFFIX,healthline.com
  - DOMAIN-SUFFIX,hybrid-analysis.com
  - DOMAIN-SUFFIX,icd10data.com
  - DOMAIN-SUFFIX,intel.com
  - DOMAIN-SUFFIX,joesandbox.com
  - DOMAIN-SUFFIX,jsfiddle.net
  - DOMAIN-SUFFIX,keepgrowing.in
  - DOMAIN-SUFFIX,keepsolid.com
  - DOMAIN-SUFFIX,kroger.com
  - DOMAIN-SUFFIX,ldoceonline.com
  - DOMAIN-SUFFIX,letyshops.com
  - DOMAIN-SUFFIX,linuxiac.com
  - DOMAIN-SUFFIX,lipstickalley.com
  - DOMAIN-SUFFIX,liquidsky.com
  - DOMAIN-SUFFIX,lowes.com
  - DOMAIN-SUFFIX,m3u.in
  - DOMAIN-SUFFIX,macvendors.com
  - DOMAIN-SUFFIX,malwarebytes.org
  - DOMAIN-SUFFIX,mattermost.com
  - DOMAIN-SUFFIX,maximintegrated.com
  - DOMAIN-SUFFIX,mbed.com
  - DOMAIN-SUFFIX,megogo.net
  - DOMAIN-SUFFIX,microchip.com
  - DOMAIN-SUFFIX,mouser.com
  - DOMAIN-SUFFIX,netflix.com
  - DOMAIN-SUFFIX,nordvpn.com
  - DOMAIN-SUFFIX,nxp.com
  - DOMAIN-SUFFIX,oaistatic.com
  - DOMAIN-SUFFIX,oasis.app
  - DOMAIN-SUFFIX,oclc.org
  - DOMAIN-SUFFIX,pandasecurity.com
  - DOMAIN-SUFFIX,perforce.com
  - DOMAIN-SUFFIX,pluralsight.com
  - DOMAIN-SUFFIX,phishtank.com
  - DOMAIN-SUFFIX,qcad.org
  - DOMAIN-SUFFIX,qualcomm.com
  - DOMAIN-SUFFIX,radarr.video
  - DOMAIN-SUFFIX,ratatype.com
  - DOMAIN-SUFFIX,readdle.com
  - DOMAIN-SUFFIX,redis.com
  - DOMAIN-SUFFIX,refinitiv.com
  - DOMAIN-SUFFIX,remove.bg
  - DOMAIN-SUFFIX,resp.app
  - DOMAIN-SUFFIX,samsclub.com
  - DOMAIN-SUFFIX,securitytrails.com
  - DOMAIN-SUFFIX,sendy.jp
  - DOMAIN-SUFFIX,setapp.com
  - DOMAIN-SUFFIX,slideshare.net
  - DOMAIN-SUFFIX,smartbear.com
  - DOMAIN-SUFFIX,snort.org
  - DOMAIN-SUFFIX,soapui.org
  - DOMAIN-SUFFIX,solarwinds.com
  - DOMAIN-SUFFIX,spotify.com
  - DOMAIN-SUFFIX,st.com
  - DOMAIN-SUFFIX,steganos.com
  - DOMAIN-SUFFIX,stockx.com
  - DOMAIN-SUFFIX,strava.com
  - DOMAIN-SUFFIX,stuff.co.nz
  - DOMAIN-SUFFIX,sysdig.com
  - DOMAIN-SUFFIX,systemtek.co.uk
  - DOMAIN-SUFFIX,tableau.com
  - DOMAIN-SUFFIX,thesassway.com
  - DOMAIN-SUFFIX,thinkpads.com
  - DOMAIN-SUFFIX,thomas-krenn.com
  - DOMAIN-SUFFIX,ti.com
  - DOMAIN-SUFFIX,timberland.com
  - DOMAIN-SUFFIX,truthsocial.com
  - DOMAIN-SUFFIX,unscreen.com
  - DOMAIN-SUFFIX,vagrantcloud.com
  - DOMAIN-SUFFIX,veeam.com
  - DOMAIN-SUFFIX,veritas.com
  - DOMAIN-SUFFIX,vpnunlimited.com
  - DOMAIN-SUFFIX,vyos.io
  - DOMAIN-SUFFIX,wakanim.tv
  - DOMAIN-SUFFIX,walletconnect.com
  - DOMAIN-SUFFIX,watchguard.com
  - DOMAIN-SUFFIX,weather.com
  - DOMAIN-SUFFIX,windguru.cz
  - DOMAIN-SUFFIX,wonderclub.com
  - DOMAIN-SUFFIX,wunderground.com
  - DOMAIN-SUFFIX,yourdictionary.com
  - DOMAIN-SUFFIX,zoosk.com
  - DOMAIN-SUFFIX,anilibria.top
  - DOMAIN-SUFFIX,prompthero.com
  - DOMAIN-SUFFIX,grok.com
  - DOMAIN-SUFFIX,x.ai
  - DOMAIN-SUFFIX,usher.ttvnw.net
  - DOMAIN-SUFFIX,deepl.com
  - DOMAIN-SUFFIX,ip-api.com